
Microsoft Visual Studio Solution File, Format Version 12.00
# Visual Studio Version 16
VisualStudioVersion = 16.0.28711.60
MinimumVisualStudioVersion = 10.0.40219.1
Project("{9A19103F-16F7-4668-BE54-9A1E7A4F7556}") = "Namotion.Reflection", "Namotion.Reflection\Namotion.Reflection.csproj", "{5919DC7F-5C53-4AE7-9404-BD378851C835}"
EndProject
Project("{9A19103F-16F7-4668-BE54-9A1E7A4F7556}") = "Namotion.Reflection.Tests", "Namotion.Reflection.Tests\Namotion.Reflection.Tests.csproj", "{AFC02943-A167-4DFD-A747-93658C80296B}"
EndProject
Project("{9A19103F-16F7-4668-BE54-9A1E7A4F7556}") = "Namotion.Reflection.Tests.FullAssembly", "Namotion.Reflection.Tests.FullAssembly\Namotion.Reflection.Tests.FullAssembly.csproj", "{7D57D49F-608A-4FE8-B13D-4F78322D4F42}"
EndProject
Project("{2150E333-8FDC-42A3-9474-1A3956D46DE8}") = "Solution Items", "Solution Items", "{F50FE573-405B-46A4-B8BE-3224547FF5AF}"
	ProjectSection(SolutionItems) = preProject
		..\README.md = ..\README.md
	EndProjectSection
EndProject
Project("{9A19103F-16F7-4668-BE54-9A1E7A4F7556}") = "Namotion.Reflection.Demo", "Namotion.Reflection.Demo\Namotion.Reflection.Demo.csproj", "{A6268E5A-0AA1-452D-BCAC-BCF0C38B6DFC}"
EndProject
Project("{9A19103F-16F7-4668-BE54-9A1E7A4F7556}") = "Namotion.Reflection.Cecil", "Namotion.Reflection.Cecil\Namotion.Reflection.Cecil.csproj", "{2B8C1FB8-24E3-4F19-8DD2-FDABEF607B09}"
EndProject
Project("{9A19103F-16F7-4668-BE54-9A1E7A4F7556}") = "Namotion.Reflection.Cecil.Tests", "Namotion.Reflection.Cecil.Tests\Namotion.Reflection.Cecil.Tests.csproj", "{4E2AE356-138B-4CA7-807A-B0D8B452E69D}"
EndProject
Project("{FAE04EC0-301F-11D3-BF4B-00C04F79EFBC}") = "Namotion.Reflection.Benchmark", "Namotion.Reflection.Benchmark\Namotion.Reflection.Benchmark.csproj", "{D0AD78E3-3057-4DC8-87F9-F91B2766DDB8}"
EndProject
Global
	GlobalSection(SolutionConfigurationPlatforms) = preSolution
		Debug|Any CPU = Debug|Any CPU
		Release|Any CPU = Release|Any CPU
	EndGlobalSection
	GlobalSection(ProjectConfigurationPlatforms) = postSolution
		{5919DC7F-5C53-4AE7-9404-BD378851C835}.Debug|Any CPU.ActiveCfg = Debug|Any CPU
		{5919DC7F-5C53-4AE7-9404-BD378851C835}.Debug|Any CPU.Build.0 = Debug|Any CPU
		{5919DC7F-5C53-4AE7-9404-BD378851C835}.Release|Any CPU.ActiveCfg = Release|Any CPU
		{5919DC7F-5C53-4AE7-9404-BD378851C835}.Release|Any CPU.Build.0 = Release|Any CPU
		{AFC02943-A167-4DFD-A747-93658C80296B}.Debug|Any CPU.ActiveCfg = Debug|Any CPU
		{AFC02943-A167-4DFD-A747-93658C80296B}.Debug|Any CPU.Build.0 = Debug|Any CPU
		{AFC02943-A167-4DFD-A747-93658C80296B}.Release|Any CPU.ActiveCfg = Release|Any CPU
		{AFC02943-A167-4DFD-A747-93658C80296B}.Release|Any CPU.Build.0 = Release|Any CPU
		{7D57D49F-608A-4FE8-B13D-4F78322D4F42}.Debug|Any CPU.ActiveCfg = Debug|Any CPU
		{7D57D49F-608A-4FE8-B13D-4F78322D4F42}.Debug|Any CPU.Build.0 = Debug|Any CPU
		{7D57D49F-608A-4FE8-B13D-4F78322D4F42}.Release|Any CPU.ActiveCfg = Release|Any CPU
		{7D57D49F-608A-4FE8-B13D-4F78322D4F42}.Release|Any CPU.Build.0 = Release|Any CPU
		{A6268E5A-0AA1-452D-BCAC-BCF0C38B6DFC}.Debug|Any CPU.ActiveCfg = Debug|Any CPU
		{A6268E5A-0AA1-452D-BCAC-BCF0C38B6DFC}.Debug|Any CPU.Build.0 = Debug|Any CPU
		{A6268E5A-0AA1-452D-BCAC-BCF0C38B6DFC}.Release|Any CPU.ActiveCfg = Release|Any CPU
		{A6268E5A-0AA1-452D-BCAC-BCF0C38B6DFC}.Release|Any CPU.Build.0 = Release|Any CPU
		{2B8C1FB8-24E3-4F19-8DD2-FDABEF607B09}.Debug|Any CPU.ActiveCfg = Debug|Any CPU
		{2B8C1FB8-24E3-4F19-8DD2-FDABEF607B09}.Debug|Any CPU.Build.0 = Debug|Any CPU
		{2B8C1FB8-24E3-4F19-8DD2-FDABEF607B09}.Release|Any CPU.ActiveCfg = Release|Any CPU
		{2B8C1FB8-24E3-4F19-8DD2-FDABEF607B09}.Release|Any CPU.Build.0 = Release|Any CPU
		{4E2AE356-138B-4CA7-807A-B0D8B452E69D}.Debug|Any CPU.ActiveCfg = Debug|Any CPU
		{4E2AE356-138B-4CA7-807A-B0D8B452E69D}.Debug|Any CPU.Build.0 = Debug|Any CPU
		{4E2AE356-138B-4CA7-807A-B0D8B452E69D}.Release|Any CPU.ActiveCfg = Release|Any CPU
		{4E2AE356-138B-4CA7-807A-B0D8B452E69D}.Release|Any CPU.Build.0 = Release|Any CPU
		{D0AD78E3-3057-4DC8-87F9-F91B2766DDB8}.Debug|Any CPU.ActiveCfg = Debug|Any CPU
		{D0AD78E3-3057-4DC8-87F9-F91B2766DDB8}.Debug|Any CPU.Build.0 = Debug|Any CPU
		{D0AD78E3-3057-4DC8-87F9-F91B2766DDB8}.Release|Any CPU.ActiveCfg = Release|Any CPU
		{D0AD78E3-3057-4DC8-87F9-F91B2766DDB8}.Release|Any CPU.Build.0 = Release|Any CPU
	EndGlobalSection
	GlobalSection(SolutionProperties) = preSolution
		HideSolutionNode = FALSE
	EndGlobalSection
	GlobalSection(ExtensibilityGlobals) = postSolution
		SolutionGuid = {22BCE439-38C4-45F8-9950-65C285882E67}
	EndGlobalSection
EndGlobal
